PODS:
  - shared (1.0)

DEPENDENCIES:
  - shared (from `/Users/wzieba/Automattic-Tracks-KMM/shared`)

EXTERNAL SOURCES:
  shared:
    :path: "/Users/wzieba/Automattic-Tracks-KMM/shared"

SPEC CHECKSUMS:
  shared: 80870394a5c6cacfe65058901734a74c7b2ebc22

PODFILE CHECKSUM: d2eb1e04776d82638bc46ca80dbe64dfd24d2043

COCOAPODS: 1.10.1
